
Microsoft Visual Studio Solution File, Format Version 12.00
# Visual Studio Version 17
VisualStudioVersion = 17.8.34330.188
MinimumVisualStudioVersion = 10.0.40219.1
Project("{9A19103F-16F7-4668-BE54-9A1E7A4F7556}") = "WebSignalR", "WebSignalR\WebSignalR.csproj", "{2FAE2334-1D08-4978-9D30-7D1F8C889631}"
EndProject
Global
	GlobalSection(SolutionConfigurationPlatforms) = preSolution
		Debug|Any CPU = Debug|Any CPU
		Release|Any CPU = Release|Any CPU
	EndGlobalSection
	GlobalSection(ProjectConfigurationPlatforms) = postSolution
		{2FAE2334-1D08-4978-9D30-7D1F8C889631}.Debug|Any CPU.ActiveCfg = Debug|Any CPU
		{2FAE2334-1D08-4978-9D30-7D1F8C889631}.Debug|Any CPU.Build.0 = Debug|Any CPU
		{2FAE2334-1D08-4978-9D30-7D1F8C889631}.Release|Any CPU.ActiveCfg = Release|Any CPU
		{2FAE2334-1D08-4978-9D30-7D1F8C889631}.Release|Any CPU.Build.0 = Release|Any CPU
	EndGlobalSection
	GlobalSection(SolutionProperties) = preSolution
		HideSolutionNode = FALSE
	EndGlobalSection
	GlobalSection(ExtensibilityGlobals) = postSolution
		SolutionGuid = {CB7C8125-EDCE-4971-808A-C45B454AB016}
	EndGlobalSection
EndGlobal
